// !$*UTF8*$!
{
	archiveVersion = 1;
	classes = {
	};
	objectVersion = 46;
	objects = {

/* Begin PBXFileReference section */
		0E7335DA1B5979C600E40658 /* TestCordova1 */ = {isa = PBXFileReference; explicitFileType = folder; includeInIndex = 0; path = TestCordova1; sourceTree = BUILT_PRODUCTS_DIR; };
		0E7335DE1B5979C600E40658 /* ContentInfo.plist */ = {isa = PBXFileReference; lastKnownFileType = text.plist.xml; path = ContentInfo.plist; sourceTree = "<group>"; };
/* End PBXFileReference section */

/* Begin PBXGroup section */
		0E7335D31B5979C600E40658 = {
			isa = PBXGroup;
			children = (
				0E7335DC1B5979C600E40658 /* TestCordova1 */,
				0E7335DB1B5979C600E40658 /* Products */,
			);
			sourceTree = "<group>";
		};
		0E7335DB1B5979C600E40658 /* Products */ = {
			isa = PBXGroup;
			children = (
				0E7335DA1B5979C600E40658 /* TestCordova1 */,
			);
			name = Products;
			sourceTree = "<group>";
		};
		0E7335DC1B5979C600E40658 /* TestCordova1 */ = {
			isa = PBXGroup;
			children = (
				0E7335DD1B5979C600E40658 /* Supporting Files */,
			);
			path = TestCordova1;
			sourceTree = "<group>";
		};
		0E7335DD1B5979C600E40658 /* Supporting Files */ = {
			isa = PBXGroup;
			children = (
				0E7335DE1B5979C600E40658 /* ContentInfo.plist */,
			);
			name = "Supporting Files";
			sourceTree = "<group>";
		};
/* End PBXGroup section */

/* Begin PBXNativeTarget section */
		0E7335D91B5979C600E40658 /* TestCordova1 */ = {
			isa = PBXNativeTarget;
			buildConfigurationList = 0E7335E11B5979C600E40658 /* Build configuration list for PBXNativeTarget "TestCordova1" */;
			buildPhases = (
				0E7335D81B5979C600E40658 /* Resources */,
			);
			buildRules = (
			);
			dependencies = (
			);
			name = TestCordova1;
			productName = TestCordova1;
			productReference = 0E7335DA1B5979C600E40658 /* TestCordova1 */;
			productType = "com.apple.product-type.in-app-purchase-content";
		};
/* End PBXNativeTarget section */

/* Begin PBXProject section */
		0E7335D41B5979C600E40658 /* Project object */ = {
			isa = PBXProject;
			attributes = {
				LastUpgradeCheck = 0640;
				ORGANIZATIONNAME = "José Antonio Escoriza Gallardo";
				TargetAttributes = {
					0E7335D91B5979C600E40658 = {
						CreatedOnToolsVersion = 6.4;
					};
				};
			};
			buildConfigurationList = 0E7335D71B5979C600E40658 /* Build configuration list for PBXProject "TestCordova1" */;
			compatibilityVersion = "Xcode 3.2";
			developmentRegion = English;
			hasScannedForEncodings = 0;
			knownRegions = (
				en,
			);
			mainGroup = 0E7335D31B5979C600E40658;
			productRefGroup = 0E7335DB1B5979C600E40658 /* Products */;
			projectDirPath = "";
			projectRoot = "";
			targets = (
				0E7335D91B5979C600E40658 /* TestCordova1 */,
			);
		};
/* End PBXProject section */

/* Begin PBXResourcesBuildPhase section */
		0E7335D81B5979C600E40658 /* Resources */ = {
			isa = PBXResourcesBuildPhase;
			buildActionMask = 2147483647;
			files = (
			);
			runOnlyForDeploymentPostprocessing = 0;
		};
/* End PBXResourcesBuildPhase section */

/* Begin XCBuildConfiguration section */
		0E7335DF1B5979C600E40658 /* Debug */ = {
			isa = XCBuildConfiguration;
			buildSettings = {
				ALWAYS_SEARCH_USER_PATHS = NO;
				CLANG_CXX_LANGUAGE_STANDARD = "gnu++0x";
				CLANG_CXX_LIBRARY = "libc++";
				CLANG_ENABLE_MODULES = YES;
				CLANG_ENABLE_OBJC_ARC = YES;
				CLANG_WARN_BOOL_CONVERSION = YES;
				CLANG_WARN_CONSTANT_CONVERSION = YES;
				CLANG_WARN_DIRECT_OBJC_ISA_USAGE = YES_ERROR;
				CLANG_WARN_EMPTY_BODY = YES;
				CLANG_WARN_ENUM_CONVERSION = YES;
				CLANG_WARN_INT_CONVERSION = YES;
				CLANG_WARN_OBJC_ROOT_CLASS = YES_ERROR;
				CLANG_WARN_UNREACHABLE_CODE = YES;
				CLANG_WARN__DUPLICATE_METHOD_MATCH = YES;
				COPY_PHASE_STRIP = NO;
				ENABLE_STRICT_OBJC_MSGSEND = YES;
				GCC_C_LANGUAGE_STANDARD = gnu99;
				GCC_DYNAMIC_NO_PIC = NO;
				GCC_NO_COMMON_BLOCKS = YES;
				GCC_OPTIMIZATION_LEVEL = 0;
				GCC_PREPROCESSOR_DEFINITIONS = (
					"DEBUG=1",
					"$(inherited)",
				);
				GCC_SYMBOLS_PRIVATE_EXTERN = NO;
				GCC_WARN_64_TO_32_BIT_CONVERSION = YES;
				GCC_WARN_ABOUT_RETURN_TYPE = YES_ERROR;
				GCC_WARN_UNDECLARED_SELECTOR = YES;
				GCC_WARN_UNINITIALIZED_AUTOS = YES_AGGRESSIVE;
				GCC_WARN_UNUSED_FUNCTION = YES;
				GCC_WARN_UNUSED_VARIABLE = YES;
				MTL_ENABLE_DEBUG_INFO = YES;
				ONLY_ACTIVE_ARCH = YES;
			};
			name = Debug;
		};
		0E7335E01B5979C600E40658 /* Release */ = {
			isa = XCBuildConfiguration;
			buildSettings = {
				ALWAYS_SEARCH_USER_PATHS = NO;
				CLANG_CXX_LANGUAGE_STANDARD = "gnu++0x";
				CLANG_CXX_LIBRARY = "libc++";
				CLANG_ENABLE_MODULES = YES;
				CLANG_ENABLE_OBJC_ARC = YES;
				CLANG_WARN_BOOL_CONVERSION = YES;
				CLANG_WARN_CONSTANT_CONVERSION = YES;
				CLANG_WARN_DIRECT_OBJC_ISA_USAGE = YES_ERROR;
				CLANG_WARN_EMPTY_BODY = YES;
				CLANG_WARN_ENUM_CONVERSION = YES;
				CLANG_WARN_INT_CONVERSION = YES;
				CLANG_WARN_OBJC_ROOT_CLASS = YES_ERROR;
				CLANG_WARN_UNREACHABLE_CODE = YES;
				CLANG_WARN__DUPLICATE_METHOD_MATCH = YES;
				COPY_PHASE_STRIP = NO;
				ENABLE_NS_ASSERTIONS = NO;
				ENABLE_STRICT_OBJC_MSGSEND = YES;
				GCC_C_LANGUAGE_STANDARD = gnu99;
				GCC_NO_COMMON_BLOCKS = YES;
				GCC_WARN_64_TO_32_BIT_CONVERSION = YES;
				GCC_WARN_ABOUT_RETURN_TYPE = YES_ERROR;
				GCC_WARN_UNDECLARED_SELECTOR = YES;
				GCC_WARN_UNINITIALIZED_AUTOS = YES_AGGRESSIVE;
				GCC_WARN_UNUSED_FUNCTION = YES;
				GCC_WARN_UNUSED_VARIABLE = YES;
				MTL_ENABLE_DEBUG_INFO = NO;
			};
			name = Release;
		};
		0E7335E21B5979C600E40658 /* Debug */ = {
			isa = XCBuildConfiguration;
			buildSettings = {
				INFOPLIST_FILE = TestCordova1/ContentInfo.plist;
				INSTALL_PATH = "$(LOCAL_LIBRARY_DIR)/InAppPurchaseContent";
				PRODUCT_NAME = "$(TARGET_NAME)";
				WRAPPER_EXTENSION = "";
			};
			name = Debug;
		};
		0E7335E31B5979C600E40658 /* Release */ = {
			isa = XCBuildConfiguration;
			buildSettings = {
				INFOPLIST_FILE = TestCordova1/ContentInfo.plist;
				INSTALL_PATH = "$(LOCAL_LIBRARY_DIR)/InAppPurchaseContent";
				PRODUCT_NAME = "$(TARGET_NAME)";
				WRAPPER_EXTENSION = "";
			};
			name = Release;
		};
/* End XCBuildConfiguration section */

/* Begin XCConfigurationList section */
		0E7335D71B5979C600E40658 /* Build configuration list for PBXProject "TestCordova1" */ = {
			isa = XCConfigurationList;
			buildConfigurations = (
				0E7335DF1B5979C600E40658 /* Debug */,
				0E7335E01B5979C600E40658 /* Release */,
			);
			defaultConfigurationIsVisible = 0;
			defaultConfigurationName = Release;
		};
		0E7335E11B5979C600E40658 /* Build configuration list for PBXNativeTarget "TestCordova1" */ = {
			isa = XCConfigurationList;
			buildConfigurations = (
				0E7335E21B5979C600E40658 /* Debug */,
				0E7335E31B5979C600E40658 /* Release */,
			);
			defaultConfigurationIsVisible = 0;
		};
/* End XCConfigurationList section */
	};
	rootObject = 0E7335D41B5979C600E40658 /* Project object */;
}
